
Microsoft Visual Studio Solution File, Format Version 12.00
# Visual Studio Version 16
VisualStudioVersion = 16.0.29911.84
MinimumVisualStudioVersion = 10.0.40219.1
Project("{FAE04EC0-301F-11D3-BF4B-00C04F79EFBC}") = "WebConversor", "WebConversor\WebConversor.csproj", "{A3193FC8-F7AB-401D-A8FA-1D82D8AC7C3B}"
EndProject
Project("{2150E333-8FDC-42A3-9474-1A3956D46DE8}") = "Apresentacao", "Apresentacao", "{A2E0AB5B-6221-4048-AA82-A82194369E01}"
EndProject
Project("{2150E333-8FDC-42A3-9474-1A3956D46DE8}") = "Dominio", "Dominio", "{5119CB19-E685-4037-99B8-FE1226524401}"
EndProject
Project("{2150E333-8FDC-42A3-9474-1A3956D46DE8}") = "Repositorio", "Repositorio", "{B27EF6D8-3A35-44EE-ABE4-AF7CBC15F2C7}"
EndProject
Project("{2150E333-8FDC-42A3-9474-1A3956D46DE8}") = "Shared", "Shared", "{4190F0C1-2AAF-46BF-AA6A-03F17AD9DC8B}"
EndProject
Project("{2150E333-8FDC-42A3-9474-1A3956D46DE8}") = "Tests", "Tests", "{3027DA9D-44B2-48AC-8885-12FE1D515C1D}"
EndProject
Project("{FAE04EC0-301F-11D3-BF4B-00C04F79EFBC}") = "Conversor.Dominio", "Conversor.Entidades\Conversor.Dominio.csproj", "{1D78B6E5-6999-4426-A9A6-2ACFD8CE3DF1}"
EndProject
Project("{FAE04EC0-301F-11D3-BF4B-00C04F79EFBC}") = "Conversor.Repositorio", "Conversor.Repositorio\Conversor.Repositorio.csproj", "{7462B1B3-489D-4B0E-9B0F-0614147D1D53}"
EndProject
Project("{FAE04EC0-301F-11D3-BF4B-00C04F79EFBC}") = "Conversor.Shared", "Conversor.Shared\Conversor.Shared.csproj", "{2B84E6CB-9D29-4E9C-A66A-CCD111DC3B8B}"
EndProject
Project("{FAE04EC0-301F-11D3-BF4B-00C04F79EFBC}") = "Conversor.Test", "Conversor.Test\Conversor.Test.csproj", "{73D12F30-E983-4DB4-B358-CB0021C73F29}"
EndProject
Project("{2150E333-8FDC-42A3-9474-1A3956D46DE8}") = "Aplicacao", "Aplicacao", "{E1A9BF8A-3958-4045-9260-62DA8BEC4171}"
EndProject
Project("{FAE04EC0-301F-11D3-BF4B-00C04F79EFBC}") = "Conversor.Aplicacao", "Conversor.Aplicacao\Conversor.Aplicacao.csproj", "{C9C991E0-D6C2-422C-B510-55DE6C8CFF13}"
EndProject
Global
	GlobalSection(SolutionConfigurationPlatforms) = preSolution
		Debug|Any CPU = Debug|Any CPU
		Release|Any CPU = Release|Any CPU
	EndGlobalSection
	GlobalSection(ProjectConfigurationPlatforms) = postSolution
		{A3193FC8-F7AB-401D-A8FA-1D82D8AC7C3B}.Debug|Any CPU.ActiveCfg = Debug|Any CPU
		{A3193FC8-F7AB-401D-A8FA-1D82D8AC7C3B}.Debug|Any CPU.Build.0 = Debug|Any CPU
		{A3193FC8-F7AB-401D-A8FA-1D82D8AC7C3B}.Release|Any CPU.ActiveCfg = Release|Any CPU
		{A3193FC8-F7AB-401D-A8FA-1D82D8AC7C3B}.Release|Any CPU.Build.0 = Release|Any CPU
		{1D78B6E5-6999-4426-A9A6-2ACFD8CE3DF1}.Debug|Any CPU.ActiveCfg = Debug|Any CPU
		{1D78B6E5-6999-4426-A9A6-2ACFD8CE3DF1}.Debug|Any CPU.Build.0 = Debug|Any CPU
		{1D78B6E5-6999-4426-A9A6-2ACFD8CE3DF1}.Release|Any CPU.ActiveCfg = Release|Any CPU
		{1D78B6E5-6999-4426-A9A6-2ACFD8CE3DF1}.Release|Any CPU.Build.0 = Release|Any CPU
		{7462B1B3-489D-4B0E-9B0F-0614147D1D53}.Debug|Any CPU.ActiveCfg = Debug|Any CPU
		{7462B1B3-489D-4B0E-9B0F-0614147D1D53}.Debug|Any CPU.Build.0 = Debug|Any CPU
		{7462B1B3-489D-4B0E-9B0F-0614147D1D53}.Release|Any CPU.ActiveCfg = Release|Any CPU
		{7462B1B3-489D-4B0E-9B0F-0614147D1D53}.Release|Any CPU.Build.0 = Release|Any CPU
		{2B84E6CB-9D29-4E9C-A66A-CCD111DC3B8B}.Debug|Any CPU.ActiveCfg = Debug|Any CPU
		{2B84E6CB-9D29-4E9C-A66A-CCD111DC3B8B}.Debug|Any CPU.Build.0 = Debug|Any CPU
		{2B84E6CB-9D29-4E9C-A66A-CCD111DC3B8B}.Release|Any CPU.ActiveCfg = Release|Any CPU
		{2B84E6CB-9D29-4E9C-A66A-CCD111DC3B8B}.Release|Any CPU.Build.0 = Release|Any CPU
		{73D12F30-E983-4DB4-B358-CB0021C73F29}.Debug|Any CPU.ActiveCfg = Debug|Any CPU
		{73D12F30-E983-4DB4-B358-CB0021C73F29}.Debug|Any CPU.Build.0 = Debug|Any CPU
		{73D12F30-E983-4DB4-B358-CB0021C73F29}.Release|Any CPU.ActiveCfg = Release|Any CPU
		{73D12F30-E983-4DB4-B358-CB0021C73F29}.Release|Any CPU.Build.0 = Release|Any CPU
		{C9C991E0-D6C2-422C-B510-55DE6C8CFF13}.Debug|Any CPU.ActiveCfg = Debug|Any CPU
		{C9C991E0-D6C2-422C-B510-55DE6C8CFF13}.Debug|Any CPU.Build.0 = Debug|Any CPU
		{C9C991E0-D6C2-422C-B510-55DE6C8CFF13}.Release|Any CPU.ActiveCfg = Release|Any CPU
		{C9C991E0-D6C2-422C-B510-55DE6C8CFF13}.Release|Any CPU.Build.0 = Release|Any CPU
	EndGlobalSection
	GlobalSection(SolutionProperties) = preSolution
		HideSolutionNode = FALSE
	EndGlobalSection
	GlobalSection(NestedProjects) = preSolution
		{A3193FC8-F7AB-401D-A8FA-1D82D8AC7C3B} = {A2E0AB5B-6221-4048-AA82-A82194369E01}
		{1D78B6E5-6999-4426-A9A6-2ACFD8CE3DF1} = {5119CB19-E685-4037-99B8-FE1226524401}
		{7462B1B3-489D-4B0E-9B0F-0614147D1D53} = {B27EF6D8-3A35-44EE-ABE4-AF7CBC15F2C7}
		{2B84E6CB-9D29-4E9C-A66A-CCD111DC3B8B} = {4190F0C1-2AAF-46BF-AA6A-03F17AD9DC8B}
		{73D12F30-E983-4DB4-B358-CB0021C73F29} = {3027DA9D-44B2-48AC-8885-12FE1D515C1D}
		{C9C991E0-D6C2-422C-B510-55DE6C8CFF13} = {E1A9BF8A-3958-4045-9260-62DA8BEC4171}
	EndGlobalSection
	GlobalSection(ExtensibilityGlobals) = postSolution
		SolutionGuid = {CDAC67D1-A2C5-405A-976A-165F9C26D7CC}
	EndGlobalSection
EndGlobal
